
Microsoft Visual Studio Solution File, Format Version 12.00
# Visual Studio Version 17
VisualStudioVersion = 17.8.34309.116
MinimumVisualStudioVersion = 10.0.40219.1
Project("{9A19103F-16F7-4668-BE54-9A1E7A4F7556}") = "rCellE", "rCellE\rCellE\rCellE.csproj", "{88464BD5-3A81-4477-A1F0-B08A6D583496}"
EndProject
Project("{9A19103F-16F7-4668-BE54-9A1E7A4F7556}") = "rCellE.Client", "rCellE\rCellE.Client\rCellE.Client.csproj", "{ABE0D353-8AB1-4793-B143-2D44F64A614D}"
EndProject
Project("{9A19103F-16F7-4668-BE54-9A1E7A4F7556}") = "ServiceLayer", "ServiceLayer\ServiceLayer.csproj", "{DBF4CB62-68D4-4CB0-8C4F-F1B782F4B4D4}"
EndProject
Global
	GlobalSection(SolutionConfigurationPlatforms) = preSolution
		Debug|Any CPU = Debug|Any CPU
		Release|Any CPU = Release|Any CPU
	EndGlobalSection
	GlobalSection(ProjectConfigurationPlatforms) = postSolution
		{88464BD5-3A81-4477-A1F0-B08A6D583496}.Debug|Any CPU.ActiveCfg = Debug|Any CPU
		{88464BD5-3A81-4477-A1F0-B08A6D583496}.Debug|Any CPU.Build.0 = Debug|Any CPU
		{88464BD5-3A81-4477-A1F0-B08A6D583496}.Release|Any CPU.ActiveCfg = Release|Any CPU
		{88464BD5-3A81-4477-A1F0-B08A6D583496}.Release|Any CPU.Build.0 = Release|Any CPU
		{ABE0D353-8AB1-4793-B143-2D44F64A614D}.Debug|Any CPU.ActiveCfg = Debug|Any CPU
		{ABE0D353-8AB1-4793-B143-2D44F64A614D}.Debug|Any CPU.Build.0 = Debug|Any CPU
		{ABE0D353-8AB1-4793-B143-2D44F64A614D}.Release|Any CPU.ActiveCfg = Release|Any CPU
		{ABE0D353-8AB1-4793-B143-2D44F64A614D}.Release|Any CPU.Build.0 = Release|Any CPU
		{DBF4CB62-68D4-4CB0-8C4F-F1B782F4B4D4}.Debug|Any CPU.ActiveCfg = Debug|Any CPU
		{DBF4CB62-68D4-4CB0-8C4F-F1B782F4B4D4}.Debug|Any CPU.Build.0 = Debug|Any CPU
		{DBF4CB62-68D4-4CB0-8C4F-F1B782F4B4D4}.Release|Any CPU.ActiveCfg = Release|Any CPU
		{DBF4CB62-68D4-4CB0-8C4F-F1B782F4B4D4}.Release|Any CPU.Build.0 = Release|Any CPU
	EndGlobalSection
	GlobalSection(SolutionProperties) = preSolution
		HideSolutionNode = FALSE
	EndGlobalSection
	GlobalSection(ExtensibilityGlobals) = postSolution
		SolutionGuid = {ABF27C48-5CFC-40E3-8B87-D00C772F9609}
	EndGlobalSection
EndGlobal
